
Microsoft Visual Studio Solution File, Format Version 12.00
# Visual Studio 15
VisualStudioVersion = 15.0.26730.12
MinimumVisualStudioVersion = 10.0.40219.1
Project("{FAE04EC0-301F-11D3-BF4B-00C04F79EFBC}") = "PMQLCHDIENTHOAI", "PMQLCHDIENTHOAI\PMQLCHDIENTHOAI.csproj", "{BDCF386E-72FD-49CE-AF02-0BC48DD2C248}"
EndProject
Project("{FAE04EC0-301F-11D3-BF4B-00C04F79EFBC}") = "DTO", "DTO\DTO.csproj", "{B209A37C-0D41-416D-8491-4EB2F486F8EA}"
EndProject
Project("{FAE04EC0-301F-11D3-BF4B-00C04F79EFBC}") = "DAO", "DAO\DAO.csproj", "{861D60AA-F286-4798-B0A8-AD0083D8D006}"
EndProject
Project("{FAE04EC0-301F-11D3-BF4B-00C04F79EFBC}") = "BUS", "BUS\BUS.csproj", "{5ED8ED39-0B55-4F08-957B-D6E707A6368B}"
EndProject
Global
	GlobalSection(SolutionConfigurationPlatforms) = preSolution
		Debug|Any CPU = Debug|Any CPU
		Release|Any CPU = Release|Any CPU
	EndGlobalSection
	GlobalSection(ProjectConfigurationPlatforms) = postSolution
		{BDCF386E-72FD-49CE-AF02-0BC48DD2C248}.Debug|Any CPU.ActiveCfg = Debug|Any CPU
		{BDCF386E-72FD-49CE-AF02-0BC48DD2C248}.Debug|Any CPU.Build.0 = Debug|Any CPU
		{BDCF386E-72FD-49CE-AF02-0BC48DD2C248}.Release|Any CPU.ActiveCfg = Release|Any CPU
		{BDCF386E-72FD-49CE-AF02-0BC48DD2C248}.Release|Any CPU.Build.0 = Release|Any CPU
		{B209A37C-0D41-416D-8491-4EB2F486F8EA}.Debug|Any CPU.ActiveCfg = Debug|Any CPU
		{B209A37C-0D41-416D-8491-4EB2F486F8EA}.Debug|Any CPU.Build.0 = Debug|Any CPU
		{B209A37C-0D41-416D-8491-4EB2F486F8EA}.Release|Any CPU.ActiveCfg = Release|Any CPU
		{B209A37C-0D41-416D-8491-4EB2F486F8EA}.Release|Any CPU.Build.0 = Release|Any CPU
		{861D60AA-F286-4798-B0A8-AD0083D8D006}.Debug|Any CPU.ActiveCfg = Debug|Any CPU
		{861D60AA-F286-4798-B0A8-AD0083D8D006}.Debug|Any CPU.Build.0 = Debug|Any CPU
		{861D60AA-F286-4798-B0A8-AD0083D8D006}.Release|Any CPU.ActiveCfg = Release|Any CPU
		{861D60AA-F286-4798-B0A8-AD0083D8D006}.Release|Any CPU.Build.0 = Release|Any CPU
		{5ED8ED39-0B55-4F08-957B-D6E707A6368B}.Debug|Any CPU.ActiveCfg = Debug|Any CPU
		{5ED8ED39-0B55-4F08-957B-D6E707A6368B}.Debug|Any CPU.Build.0 = Debug|Any CPU
		{5ED8ED39-0B55-4F08-957B-D6E707A6368B}.Release|Any CPU.ActiveCfg = Release|Any CPU
		{5ED8ED39-0B55-4F08-957B-D6E707A6368B}.Release|Any CPU.Build.0 = Release|Any CPU
	EndGlobalSection
	GlobalSection(SolutionProperties) = preSolution
		HideSolutionNode = FALSE
	EndGlobalSection
	GlobalSection(ExtensibilityGlobals) = postSolution
		SolutionGuid = {2F2B8ED6-ED5E-40B0-8411-27474F6B70F9}
	EndGlobalSection
EndGlobal
